
Microsoft Visual Studio Solution File, Format Version 12.00
# Visual Studio 15
VisualStudioVersion = 15.0.26124.0
MinimumVisualStudioVersion = 15.0.26124.0
Project("{2150E333-8FDC-42A3-9474-1A3956D46DE8}") = "src", "src", "{3A8B67DC-930D-496D-8190-C33B1A0F67BB}"
EndProject
Project("{2150E333-8FDC-42A3-9474-1A3956D46DE8}") = "tests", "tests", "{B7D57509-7CED-4A8C-B0E6-DD46E8BCD17A}"
EndProject
Project("{FAE04EC0-301F-11D3-BF4B-00C04F79EFBC}") = "Rst.Pdf.Stamp.Tests.Unit", "tests\Rst.Pdf.Stamp.Tests.Unit\Rst.Pdf.Stamp.Tests.Unit.csproj", "{331C22B2-31FE-4AF9-9FE9-0BF2D804FC58}"
EndProject
Project("{FAE04EC0-301F-11D3-BF4B-00C04F79EFBC}") = "Rst.Pdf.Stamp", "src\Rst.Pdf.Stamp\Rst.Pdf.Stamp.csproj", "{56268F7D-064A-4219-88AC-5F355B7926CE}"
EndProject
Project("{FAE04EC0-301F-11D3-BF4B-00C04F79EFBC}") = "Rst.Pdf.Cli", "src\Rst.Pdf.Cli\Rst.Pdf.Cli.csproj", "{191572CF-9610-4C4A-B87F-98EEA2FA896D}"
EndProject
Project("{FAE04EC0-301F-11D3-BF4B-00C04F79EFBC}") = "Rst.Pdf.Stamp.Web", "src\Rst.Pdf.Stamp.Web\Rst.Pdf.Stamp.Web.csproj", "{6A1DFB6E-F108-4E46-8AF6-5CB2FE050310}"
EndProject
Project("{FAE04EC0-301F-11D3-BF4B-00C04F79EFBC}") = "doc", "doc\doc.csproj", "{05985463-EB8D-4FA4-8921-13CE833248C7}"
EndProject
Project("{2150E333-8FDC-42A3-9474-1A3956D46DE8}") = "libs", "libs", "{0D701F5A-6B7C-462D-B3A4-769703AB5C96}"
EndProject
Project("{FAE04EC0-301F-11D3-BF4B-00C04F79EFBC}") = "Rst.Pdf.Stamp.Api", "libs\Rst.Pdf.Stamp.Api\Rst.Pdf.Stamp.Api.csproj", "{B270F951-0878-463A-B6F2-6998D700ED17}"
EndProject
Project("{FAE04EC0-301F-11D3-BF4B-00C04F79EFBC}") = "Rst.Pdf.Stamp.Tests.Integrations", "tests\Rst.Pdf.Stamp.Tests.Integrations\Rst.Pdf.Stamp.Tests.Integrations.csproj", "{FD72D405-2CD6-467E-88AA-A2999BA9DC66}"
EndProject
Global
	GlobalSection(SolutionConfigurationPlatforms) = preSolution
		Debug|Any CPU = Debug|Any CPU
		Debug|x64 = Debug|x64
		Debug|x86 = Debug|x86
		Release|Any CPU = Release|Any CPU
		Release|x64 = Release|x64
		Release|x86 = Release|x86
	EndGlobalSection
	GlobalSection(SolutionProperties) = preSolution
		HideSolutionNode = FALSE
	EndGlobalSection
	GlobalSection(ProjectConfigurationPlatforms) = postSolution
		{331C22B2-31FE-4AF9-9FE9-0BF2D804FC58}.Debug|Any CPU.ActiveCfg = Debug|Any CPU
		{331C22B2-31FE-4AF9-9FE9-0BF2D804FC58}.Debug|Any CPU.Build.0 = Debug|Any CPU
		{331C22B2-31FE-4AF9-9FE9-0BF2D804FC58}.Debug|x64.ActiveCfg = Debug|Any CPU
		{331C22B2-31FE-4AF9-9FE9-0BF2D804FC58}.Debug|x64.Build.0 = Debug|Any CPU
		{331C22B2-31FE-4AF9-9FE9-0BF2D804FC58}.Debug|x86.ActiveCfg = Debug|Any CPU
		{331C22B2-31FE-4AF9-9FE9-0BF2D804FC58}.Debug|x86.Build.0 = Debug|Any CPU
		{331C22B2-31FE-4AF9-9FE9-0BF2D804FC58}.Release|Any CPU.ActiveCfg = Release|Any CPU
		{331C22B2-31FE-4AF9-9FE9-0BF2D804FC58}.Release|Any CPU.Build.0 = Release|Any CPU
		{331C22B2-31FE-4AF9-9FE9-0BF2D804FC58}.Release|x64.ActiveCfg = Release|Any CPU
		{331C22B2-31FE-4AF9-9FE9-0BF2D804FC58}.Release|x64.Build.0 = Release|Any CPU
		{331C22B2-31FE-4AF9-9FE9-0BF2D804FC58}.Release|x86.ActiveCfg = Release|Any CPU
		{331C22B2-31FE-4AF9-9FE9-0BF2D804FC58}.Release|x86.Build.0 = Release|Any CPU
		{56268F7D-064A-4219-88AC-5F355B7926CE}.Debug|Any CPU.ActiveCfg = Debug|Any CPU
		{56268F7D-064A-4219-88AC-5F355B7926CE}.Debug|Any CPU.Build.0 = Debug|Any CPU
		{56268F7D-064A-4219-88AC-5F355B7926CE}.Debug|x64.ActiveCfg = Debug|Any CPU
		{56268F7D-064A-4219-88AC-5F355B7926CE}.Debug|x64.Build.0 = Debug|Any CPU
		{56268F7D-064A-4219-88AC-5F355B7926CE}.Debug|x86.ActiveCfg = Debug|Any CPU
		{56268F7D-064A-4219-88AC-5F355B7926CE}.Debug|x86.Build.0 = Debug|Any CPU
		{56268F7D-064A-4219-88AC-5F355B7926CE}.Release|Any CPU.ActiveCfg = Release|Any CPU
		{56268F7D-064A-4219-88AC-5F355B7926CE}.Release|Any CPU.Build.0 = Release|Any CPU
		{56268F7D-064A-4219-88AC-5F355B7926CE}.Release|x64.ActiveCfg = Release|Any CPU
		{56268F7D-064A-4219-88AC-5F355B7926CE}.Release|x64.Build.0 = Release|Any CPU
		{56268F7D-064A-4219-88AC-5F355B7926CE}.Release|x86.ActiveCfg = Release|Any CPU
		{56268F7D-064A-4219-88AC-5F355B7926CE}.Release|x86.Build.0 = Release|Any CPU
		{191572CF-9610-4C4A-B87F-98EEA2FA896D}.Debug|Any CPU.ActiveCfg = Debug|Any CPU
		{191572CF-9610-4C4A-B87F-98EEA2FA896D}.Debug|Any CPU.Build.0 = Debug|Any CPU
		{191572CF-9610-4C4A-B87F-98EEA2FA896D}.Debug|x64.ActiveCfg = Debug|Any CPU
		{191572CF-9610-4C4A-B87F-98EEA2FA896D}.Debug|x64.Build.0 = Debug|Any CPU
		{191572CF-9610-4C4A-B87F-98EEA2FA896D}.Debug|x86.ActiveCfg = Debug|Any CPU
		{191572CF-9610-4C4A-B87F-98EEA2FA896D}.Debug|x86.Build.0 = Debug|Any CPU
		{191572CF-9610-4C4A-B87F-98EEA2FA896D}.Release|Any CPU.ActiveCfg = Release|Any CPU
		{191572CF-9610-4C4A-B87F-98EEA2FA896D}.Release|Any CPU.Build.0 = Release|Any CPU
		{191572CF-9610-4C4A-B87F-98EEA2FA896D}.Release|x64.ActiveCfg = Release|Any CPU
		{191572CF-9610-4C4A-B87F-98EEA2FA896D}.Release|x64.Build.0 = Release|Any CPU
		{191572CF-9610-4C4A-B87F-98EEA2FA896D}.Release|x86.ActiveCfg = Release|Any CPU
		{191572CF-9610-4C4A-B87F-98EEA2FA896D}.Release|x86.Build.0 = Release|Any CPU
		{6A1DFB6E-F108-4E46-8AF6-5CB2FE050310}.Debug|Any CPU.ActiveCfg = Debug|Any CPU
		{6A1DFB6E-F108-4E46-8AF6-5CB2FE050310}.Debug|Any CPU.Build.0 = Debug|Any CPU
		{6A1DFB6E-F108-4E46-8AF6-5CB2FE050310}.Debug|x64.ActiveCfg = Debug|Any CPU
		{6A1DFB6E-F108-4E46-8AF6-5CB2FE050310}.Debug|x64.Build.0 = Debug|Any CPU
		{6A1DFB6E-F108-4E46-8AF6-5CB2FE050310}.Debug|x86.ActiveCfg = Debug|Any CPU
		{6A1DFB6E-F108-4E46-8AF6-5CB2FE050310}.Debug|x86.Build.0 = Debug|Any CPU
		{6A1DFB6E-F108-4E46-8AF6-5CB2FE050310}.Release|Any CPU.ActiveCfg = Release|Any CPU
		{6A1DFB6E-F108-4E46-8AF6-5CB2FE050310}.Release|Any CPU.Build.0 = Release|Any CPU
		{6A1DFB6E-F108-4E46-8AF6-5CB2FE050310}.Release|x64.ActiveCfg = Release|Any CPU
		{6A1DFB6E-F108-4E46-8AF6-5CB2FE050310}.Release|x64.Build.0 = Release|Any CPU
		{6A1DFB6E-F108-4E46-8AF6-5CB2FE050310}.Release|x86.ActiveCfg = Release|Any CPU
		{6A1DFB6E-F108-4E46-8AF6-5CB2FE050310}.Release|x86.Build.0 = Release|Any CPU
		{05985463-EB8D-4FA4-8921-13CE833248C7}.Debug|Any CPU.ActiveCfg = Debug|Any CPU
		{05985463-EB8D-4FA4-8921-13CE833248C7}.Debug|Any CPU.Build.0 = Debug|Any CPU
		{05985463-EB8D-4FA4-8921-13CE833248C7}.Debug|x64.ActiveCfg = Debug|Any CPU
		{05985463-EB8D-4FA4-8921-13CE833248C7}.Debug|x64.Build.0 = Debug|Any CPU
		{05985463-EB8D-4FA4-8921-13CE833248C7}.Debug|x86.ActiveCfg = Debug|Any CPU
		{05985463-EB8D-4FA4-8921-13CE833248C7}.Debug|x86.Build.0 = Debug|Any CPU
		{05985463-EB8D-4FA4-8921-13CE833248C7}.Release|Any CPU.ActiveCfg = Release|Any CPU
		{05985463-EB8D-4FA4-8921-13CE833248C7}.Release|Any CPU.Build.0 = Release|Any CPU
		{05985463-EB8D-4FA4-8921-13CE833248C7}.Release|x64.ActiveCfg = Release|Any CPU
		{05985463-EB8D-4FA4-8921-13CE833248C7}.Release|x64.Build.0 = Release|Any CPU
		{05985463-EB8D-4FA4-8921-13CE833248C7}.Release|x86.ActiveCfg = Release|Any CPU
		{05985463-EB8D-4FA4-8921-13CE833248C7}.Release|x86.Build.0 = Release|Any CPU
		{B270F951-0878-463A-B6F2-6998D700ED17}.Debug|Any CPU.ActiveCfg = Debug|Any CPU
		{B270F951-0878-463A-B6F2-6998D700ED17}.Debug|Any CPU.Build.0 = Debug|Any CPU
		{B270F951-0878-463A-B6F2-6998D700ED17}.Debug|x64.ActiveCfg = Debug|Any CPU
		{B270F951-0878-463A-B6F2-6998D700ED17}.Debug|x64.Build.0 = Debug|Any CPU
		{B270F951-0878-463A-B6F2-6998D700ED17}.Debug|x86.ActiveCfg = Debug|Any CPU
		{B270F951-0878-463A-B6F2-6998D700ED17}.Debug|x86.Build.0 = Debug|Any CPU
		{B270F951-0878-463A-B6F2-6998D700ED17}.Release|Any CPU.ActiveCfg = Release|Any CPU
		{B270F951-0878-463A-B6F2-6998D700ED17}.Release|Any CPU.Build.0 = Release|Any CPU
		{B270F951-0878-463A-B6F2-6998D700ED17}.Release|x64.ActiveCfg = Release|Any CPU
		{B270F951-0878-463A-B6F2-6998D700ED17}.Release|x64.Build.0 = Release|Any CPU
		{B270F951-0878-463A-B6F2-6998D700ED17}.Release|x86.ActiveCfg = Release|Any CPU
		{B270F951-0878-463A-B6F2-6998D700ED17}.Release|x86.Build.0 = Release|Any CPU
		{FD72D405-2CD6-467E-88AA-A2999BA9DC66}.Debug|Any CPU.ActiveCfg = Debug|Any CPU
		{FD72D405-2CD6-467E-88AA-A2999BA9DC66}.Debug|Any CPU.Build.0 = Debug|Any CPU
		{FD72D405-2CD6-467E-88AA-A2999BA9DC66}.Debug|x64.ActiveCfg = Debug|Any CPU
		{FD72D405-2CD6-467E-88AA-A2999BA9DC66}.Debug|x64.Build.0 = Debug|Any CPU
		{FD72D405-2CD6-467E-88AA-A2999BA9DC66}.Debug|x86.ActiveCfg = Debug|Any CPU
		{FD72D405-2CD6-467E-88AA-A2999BA9DC66}.Debug|x86.Build.0 = Debug|Any CPU
		{FD72D405-2CD6-467E-88AA-A2999BA9DC66}.Release|Any CPU.ActiveCfg = Release|Any CPU
		{FD72D405-2CD6-467E-88AA-A2999BA9DC66}.Release|Any CPU.Build.0 = Release|Any CPU
		{FD72D405-2CD6-467E-88AA-A2999BA9DC66}.Release|x64.ActiveCfg = Release|Any CPU
		{FD72D405-2CD6-467E-88AA-A2999BA9DC66}.Release|x64.Build.0 = Release|Any CPU
		{FD72D405-2CD6-467E-88AA-A2999BA9DC66}.Release|x86.ActiveCfg = Release|Any CPU
		{FD72D405-2CD6-467E-88AA-A2999BA9DC66}.Release|x86.Build.0 = Release|Any CPU
	EndGlobalSection
	GlobalSection(NestedProjects) = preSolution
		{331C22B2-31FE-4AF9-9FE9-0BF2D804FC58} = {B7D57509-7CED-4A8C-B0E6-DD46E8BCD17A}
		{56268F7D-064A-4219-88AC-5F355B7926CE} = {3A8B67DC-930D-496D-8190-C33B1A0F67BB}
		{191572CF-9610-4C4A-B87F-98EEA2FA896D} = {3A8B67DC-930D-496D-8190-C33B1A0F67BB}
		{6A1DFB6E-F108-4E46-8AF6-5CB2FE050310} = {3A8B67DC-930D-496D-8190-C33B1A0F67BB}
		{B270F951-0878-463A-B6F2-6998D700ED17} = {0D701F5A-6B7C-462D-B3A4-769703AB5C96}
		{FD72D405-2CD6-467E-88AA-A2999BA9DC66} = {B7D57509-7CED-4A8C-B0E6-DD46E8BCD17A}
	EndGlobalSection
EndGlobal
